<?xml version="1.0" encoding="utf-8"?>
<Project ToolsVersion="4.0" xmlns="http://schemas.microsoft.com/developer/msbuild/2003">
  <ItemGroup>
    <ClCompile Include="source\png.cpp" />
    <ClCompile Include="source\shared.cpp" />
    <ClCompile Include="source\Rezbits\adler32.cpp" />
    <ClCompile Include="source\gif.cpp" />
    <ClCompile Include="source\Rezbits\rezbits-shared.cpp" />
    <ClCompile Include="source\Rezbits\deflate.cpp" />
    <ClCompile Include="source\tga.cpp" />
    <ClCompile Include="source\bmp.cpp" />
  </ItemGroup>
  <ItemGroup>
    <ClInclude Include="source\png.hpp" />
    <ClInclude Include="source\shared.hpp" />
    <ClInclude Include="source\Rezbits\adler32.hpp" />
    <ClInclude Include="source\Rezbits\deflate.hpp" />
    <ClInclude Include="source\gif.hpp" />
    <ClInclude Include="source\Rezbits\shared.hpp" />
    <ClInclude Include="source\tga.hpp" />
    <ClInclude Include="source\bmp.hpp" />
  </ItemGroup>
  <ItemGroup>
    <None Include=".editorconfig" />
    <None Include=".gitignore" />
    <None Include="Readme.md" />
  </ItemGroup>
</Project>